# Generated by buf. DO NOT EDIT.
version: v1
deps:
  - remote: buf.build
    owner: cosmos
    repository: cosmos-proto
    commit: 1935555c206d4afb9e94615dfd0fad31
  - remote: buf.build
    owner: cosmos
    repository: cosmos-sdk
    commit: f50fd70582ae4192a97e655a974b82b8
  - remote: buf.build
    owner: cosmos
    repository: gogo-proto
    commit: bee5511075b7499da6178d9e4aaa628b
  - remote: buf.build
    owner: googleapis
    repository: googleapis
    commit: 68fee4b6c21e44edbb182972e8d3fefb
